// !$*UTF8*$!
{
	archiveVersion = 1;
	classes = {
	};
	objectVersion = 51;
	objects = {

/* Begin PBXBuildFile section */
		544CEE79260564E700046A38 /* AppDelegate.swift in Sources */ = {isa = PBXBuildFile; fileRef = 544CEE78260564E700046A38 /* AppDelegate.swift */; };
		544CEE7B260564E700046A38 /* SceneDelegate.swift in Sources */ = {isa = PBXBuildFile; fileRef = 544CEE7A260564E700046A38 /* SceneDelegate.swift */; };
		544CEE80260564E700046A38 /* Main.storyboard in Resources */ = {isa = PBXBuildFile; fileRef = 544CEE7E260564E700046A38 /* Main.storyboard */; };
		544CEE82260564E800046A38 /* Assets.xcassets in Resources */ = {isa = PBXBuildFile; fileRef = 544CEE81260564E800046A38 /* Assets.xcassets */; };
		544CEE85260564E800046A38 /* LaunchScreen.storyboard in Resources */ = {isa = PBXBuildFile; fileRef = 544CEE83260564E800046A38 /* LaunchScreen.storyboard */; };
		54F631C32605682900AD2D08 /* LoginViewController.swift in Sources */ = {isa = PBXBuildFile; fileRef = 54F631C22605682900AD2D08 /* LoginViewController.swift */; };
		54F631C62605683200AD2D08 /* FeedViewController.swift in Sources */ = {isa = PBXBuildFile; fileRef = 54F631C52605683200AD2D08 /* FeedViewController.swift */; };
		54F631C92605853600AD2D08 /* cameraViewController.swift in Sources */ = {isa = PBXBuildFile; fileRef = 54F631C82605853600AD2D08 /* cameraViewController.swift */; };
		54FC42F4260594E8008E923E /* postCell.swift in Sources */ = {isa = PBXBuildFile; fileRef = 54FC42F3260594E8008E923E /* postCell.swift */; };
		8CDC18E00B2594D12DB09BEF /* Pods_Parstagram3.framework in Frameworks */ = {isa = PBXBuildFile; fileRef = 9462EFA0FD77ECABFA552287 /* Pods_Parstagram3.framework */; };
/* End PBXBuildFile section */

/* Begin PBXFileReference section */
		544CEE75260564E700046A38 /* Parstagram3.app */ = {isa = PBXFileReference; explicitFileType = wrapper.application; includeInIndex = 0; path = Parstagram3.app; sourceTree = BUILT_PRODUCTS_DIR; };
		544CEE78260564E700046A38 /* AppDelegate.swift */ = {isa = PBXFileReference; lastKnownFileType = sourcecode.swift; path = AppDelegate.swift; sourceTree = "<group>"; };
		544CEE7A260564E700046A38 /* SceneDelegate.swift */ = {isa = PBXFileReference; lastKnownFileType = sourcecode.swift; path = SceneDelegate.swift; sourceTree = "<group>"; };
		544CEE7F260564E700046A38 /* Base */ = {isa = PBXFileReference; lastKnownFileType = file.storyboard; name = Base; path = Base.lproj/Main.storyboard; sourceTree = "<group>"; };
		544CEE81260564E800046A38 /* Assets.xcassets */ = {isa = PBXFileReference; lastKnownFileType = folder.assetcatalog; path = Assets.xcassets; sourceTree = "<group>"; };
		544CEE84260564E800046A38 /* Base */ = {isa = PBXFileReference; lastKnownFileType = file.storyboard; name = Base; path = Base.lproj/LaunchScreen.storyboard; sourceTree = "<group>"; };
		544CEE86260564E800046A38 /* Info.plist */ = {isa = PBXFileReference; lastKnownFileType = text.plist.xml; path = Info.plist; sourceTree = "<group>"; };
		54F631C22605682900AD2D08 /* LoginViewController.swift */ = {isa = PBXFileReference; lastKnownFileType = sourcecode.swift; path = LoginViewController.swift; sourceTree = "<group>"; };
		54F631C52605683200AD2D08 /* FeedViewController.swift */ = {isa = PBXFileReference; lastKnownFileType = sourcecode.swift; path = FeedViewController.swift; sourceTree = "<group>"; };
		54F631C82605853600AD2D08 /* cameraViewController.swift */ = {isa = PBXFileReference; lastKnownFileType = sourcecode.swift; path = cameraViewController.swift; sourceTree = "<group>"; };
		54FC42F3260594E8008E923E /* postCell.swift */ = {isa = PBXFileReference; lastKnownFileType = sourcecode.swift; path = postCell.swift; sourceTree = "<group>"; };
		9462EFA0FD77ECABFA552287 /* Pods_Parstagram3.framework */ = {isa = PBXFileReference; explicitFileType = wrapper.framework; includeInIndex = 0; path = Pods_Parstagram3.framework; sourceTree = BUILT_PRODUCTS_DIR; };
		BB927C8BCAB00BDC9CC80A7B /* Pods-Parstagram3.release.xcconfig */ = {isa = PBXFileReference; includeInIndex = 1; lastKnownFileType = text.xcconfig; name = "Pods-Parstagram3.release.xcconfig"; path = "Target Support Files/Pods-Parstagram3/Pods-Parstagram3.release.xcconfig"; sourceTree = "<group>"; };
		DCE0815C7DCB3A44FFBB86F7 /* Pods-Parstagram3.debug.xcconfig */ = {isa = PBXFileReference; includeInIndex = 1; lastKnownFileType = text.xcconfig; name = "Pods-Parstagram3.debug.xcconfig"; path = "Target Support Files/Pods-Parstagram3/Pods-Parstagram3.debug.xcconfig"; sourceTree = "<group>"; };
/* End PBXFileReference section */

/* Begin PBXFrameworksBuildPhase section */
		544CEE72260564E700046A38 /* Frameworks */ = {
			isa = PBXFrameworksBuildPhase;
			buildActionMask = 2147483647;
			files = (
				8CDC18E00B2594D12DB09BEF /* Pods_Parstagram3.framework in Frameworks */,
			);
			runOnlyForDeploymentPostprocessing = 0;
		};
/* End PBXFrameworksBuildPhase section */

/* Begin PBXGroup section */
		544CEE6C260564E700046A38 = {
			isa = PBXGroup;
			children = (
				544CEE77260564E700046A38 /* Parstagram3 */,
				544CEE76260564E700046A38 /* Products */,
				E561B72D043D9FA40BEE1133 /* Pods */,
				CB680BD615EC9F014A21D642 /* Frameworks */,
			);
			sourceTree = "<group>";
		};
		544CEE76260564E700046A38 /* Products */ = {
			isa = PBXGroup;
			children = (
				544CEE75260564E700046A38 /* Parstagram3.app */,
			);
			name = Products;
			sourceTree = "<group>";
		};
		544CEE77260564E700046A38 /* Parstagram3 */ = {
			isa = PBXGroup;
			children = (
				544CEE78260564E700046A38 /* AppDelegate.swift */,
				544CEE7A260564E700046A38 /* SceneDelegate.swift */,
				544CEE7E260564E700046A38 /* Main.storyboard */,
				54FC42F3260594E8008E923E /* postCell.swift */,
				54F631C82605853600AD2D08 /* cameraViewController.swift */,
				54F631C22605682900AD2D08 /* LoginViewController.swift */,
				54F631C52605683200AD2D08 /* FeedViewController.swift */,
				544CEE81260564E800046A38 /* Assets.xcassets */,
				544CEE83260564E800046A38 /* LaunchScreen.storyboard */,
				544CEE86260564E800046A38 /* Info.plist */,
			);
			path = Parstagram3;
			sourceTree = "<group>";
		};
		CB680BD615EC9F014A21D642 /* Frameworks */ = {
			isa = PBXGroup;
			children = (
				9462EFA0FD77ECABFA552287 /* Pods_Parstagram3.framework */,
			);
			name = Frameworks;
			sourceTree = "<group>";
		};
		E561B72D043D9FA40BEE1133 /* Pods */ = {
			isa = PBXGroup;
			children = (
				DCE0815C7DCB3A44FFBB86F7 /* Pods-Parstagram3.debug.xcconfig */,
				BB927C8BCAB00BDC9CC80A7B /* Pods-Parstagram3.release.xcconfig */,
			);
			path = Pods;
			sourceTree = "<group>";
		};
/* End PBXGroup section */

/* Begin PBXNativeTarget section */
		544CEE74260564E700046A38 /* Parstagram3 */ = {
			isa = PBXNativeTarget;
			buildConfigurationList = 544CEE89260564E800046A38 /* Build configuration list for PBXNativeTarget "Parstagram3" */;
			buildPhases = (
				6FDFE394EE890567477A3707 /* [CP] Check Pods Manifest.lock */,
				544CEE71260564E700046A38 /* Sources */,
				544CEE72260564E700046A38 /* Frameworks */,
				544CEE73260564E700046A38 /* Resources */,
				44582E716D050D9C80878276 /* [CP] Embed Pods Frameworks */,
			);
			buildRules = (
			);
			dependencies = (
			);
			name = Parstagram3;
			productName = Parstagram3;
			productReference = 544CEE75260564E700046A38 /* Parstagram3.app */;
			productType = "com.apple.product-type.application";
		};
/* End PBXNativeTarget section */

/* Begin PBXProject section */
		544CEE6D260564E700046A38 /* Project object */ = {
			isa = PBXProject;
			attributes = {
				LastSwiftUpdateCheck = 1240;
				LastUpgradeCheck = 1240;
				TargetAttributes = {
					544CEE74260564E700046A38 = {
						CreatedOnToolsVersion = 12.4;
					};
				};
			};
			buildConfigurationList = 544CEE70260564E700046A38 /* Build configuration list for PBXProject "Parstagram3" */;
			compatibilityVersion = "Xcode 9.3";
			developmentRegion = en;
			hasScannedForEncodings = 0;
			knownRegions = (
				en,
				Base,
			);
			mainGroup = 544CEE6C260564E700046A38;
			productRefGroup = 544CEE76260564E700046A38 /* Products */;
			projectDirPath = "";
			projectRoot = "";
			targets = (
				544CEE74260564E700046A38 /* Parstagram3 */,
			);
		};
/* End PBXProject section */

/* Begin PBXResourcesBuildPhase section */
		544CEE73260564E700046A38 /* Resources */ = {
			isa = PBXResourcesBuildPhase;
			buildActionMask = 2147483647;
			files = (
				544CEE85260564E800046A38 /* LaunchScreen.storyboard in Resources */,
				544CEE82260564E800046A38 /* Assets.xcassets in Resources */,
				544CEE80260564E700046A38 /* Main.storyboard in Resources */,
			);
			runOnlyForDeploymentPostprocessing = 0;
		};
/* End PBXResourcesBuildPhase section */

/* Begin PBXShellScriptBuildPhase section */
		44582E716D050D9C80878276 /* [CP] Embed Pods Frameworks */ = {
			isa = PBXShellScriptBuildPhase;
			buildActionMask = 2147483647;
			files = (
			);
			inputFileListPaths = (
				"${PODS_ROOT}/Target Support Files/Pods-Parstagram3/Pods-Parstagram3-frameworks-${CONFIGURATION}-input-files.xcfilelist",
			);
			name = "[CP] Embed Pods Frameworks";
			outputFileListPaths = (
				"${PODS_ROOT}/Target Support Files/Pods-Parstagram3/Pods-Parstagram3-frameworks-${CONFIGURATION}-output-files.xcfilelist",
			);
			runOnlyForDeploymentPostprocessing = 0;
			shellPath = /bin/sh;
			shellScript = "\"${PODS_ROOT}/Target Support Files/Pods-Parstagram3/Pods-Parstagram3-frameworks.sh\"\n";
			showEnvVarsInLog = 0;
		};
		6FDFE394EE890567477A3707 /* [CP] Check Pods Manifest.lock */ = {
			isa = PBXShellScriptBuildPhase;
			buildActionMask = 2147483647;
			files = (
			);
			inputFileListPaths = (
			);
			inputPaths = (
				"${PODS_PODFILE_DIR_PATH}/Podfile.lock",
				"${PODS_ROOT}/Manifest.lock",
			);
			name = "[CP] Check Pods Manifest.lock";
			outputFileListPaths = (
			);
			outputPaths = (
				"$(DERIVED_FILE_DIR)/Pods-Parstagram3-checkManifestLockResult.txt",
			);
			runOnlyForDeploymentPostprocessing = 0;
			shellPath = /bin/sh;
			shellScript = "diff \"${PODS_PODFILE_DIR_PATH}/Podfile.lock\" \"${PODS_ROOT}/Manifest.lock\" > /dev/null\nif [ $? != 0 ] ; then\n    # print error to STDERR\n    echo \"error: The sandbox is not in sync with the Podfile.lock. Run 'pod install' or update your CocoaPods installation.\" >&2\n    exit 1\nfi\n# This output is used by Xcode 'outputs' to avoid re-running this script phase.\necho \"SUCCESS\" > \"${SCRIPT_OUTPUT_FILE_0}\"\n";
			showEnvVarsInLog = 0;
		};
/* End PBXShellScriptBuildPhase section */

/* Begin PBXSourcesBuildPhase section */
		544CEE71260564E700046A38 /* Sources */ = {
			isa = PBXSourcesBuildPhase;
			buildActionMask = 2147483647;
			files = (
				54F631C32605682900AD2D08 /* LoginViewController.swift in Sources */,
				54FC42F4260594E8008E923E /* postCell.swift in Sources */,
				544CEE79260564E700046A38 /* AppDelegate.swift in Sources */,
				54F631C92605853600AD2D08 /* cameraViewController.swift in Sources */,
				54F631C62605683200AD2D08 /* FeedViewController.swift in Sources */,
				544CEE7B260564E700046A38 /* SceneDelegate.swift in Sources */,
			);
			runOnlyForDeploymentPostprocessing = 0;
		};
/* End PBXSourcesBuildPhase section */

/* Begin PBXVariantGroup section */
		544CEE7E260564E700046A38 /* Main.storyboard */ = {
			isa = PBXVariantGroup;
			children = (
				544CEE7F260564E700046A38 /* Base */,
			);
			name = Main.storyboard;
			sourceTree = "<group>";
		};
		544CEE83260564E800046A38 /* LaunchScreen.storyboard */ = {
			isa = PBXVariantGroup;
			children = (
				544CEE84260564E800046A38 /* Base */,
			);
			name = LaunchScreen.storyboard;
			sourceTree = "<group>";
		};
/* End PBXVariantGroup section */

/* Begin XCBuildConfiguration section */
		544CEE87260564E800046A38 /* Debug */ = {
			isa = XCBuildConfiguration;
			buildSettings = {
				ALWAYS_SEARCH_USER_PATHS = NO;
				CLANG_ANALYZER_NONNULL = YES;
				CLANG_ANALYZER_NUMBER_OBJECT_CONVERSION = YES_AGGRESSIVE;
				CLANG_CXX_LANGUAGE_STANDARD = "gnu++14";
				CLANG_CXX_LIBRARY = "libc++";
				CLANG_ENABLE_MODULES = YES;
				CLANG_ENABLE_OBJC_ARC = YES;
				CLANG_ENABLE_OBJC_WEAK = YES;
				CLANG_WARN_BLOCK_CAPTURE_AUTORELEASING = YES;
				CLANG_WARN_BOOL_CONVERSION = YES;
				CLANG_WARN_COMMA = YES;
				CLANG_WARN_CONSTANT_CONVERSION = YES;
				CLANG_WARN_DEPRECATED_OBJC_IMPLEMENTATIONS = YES;
				CLANG_WARN_DIRECT_OBJC_ISA_USAGE = YES_ERROR;
				CLANG_WARN_DOCUMENTATION_COMMENTS = YES;
				CLANG_WARN_EMPTY_BODY = YES;
				CLANG_WARN_ENUM_CONVERSION = YES;
				CLANG_WARN_INFINITE_RECURSION = YES;
				CLANG_WARN_INT_CONVERSION = YES;
				CLANG_WARN_NON_LITERAL_NULL_CONVERSION = YES;
				CLANG_WARN_OBJC_IMPLICIT_RETAIN_SELF = YES;
				CLANG_WARN_OBJC_LITERAL_CONVERSION = YES;
				CLANG_WARN_OBJC_ROOT_CLASS = YES_ERROR;
				CLANG_WARN_QUOTED_INCLUDE_IN_FRAMEWORK_HEADER = YES;
				CLANG_WARN_RANGE_LOOP_ANALYSIS = YES;
				CLANG_WARN_STRICT_PROTOTYPES = YES;
				CLANG_WARN_SUSPICIOUS_MOVE = YES;
				CLANG_WARN_UNGUARDED_AVAILABILITY = YES_AGGRESSIVE;
				CLANG_WARN_UNREACHABLE_CODE = YES;
				CLANG_WARN__DUPLICATE_METHOD_MATCH = YES;
				COPY_PHASE_STRIP = NO;
				DEBUG_INFORMATION_FORMAT = dwarf;
				ENABLE_STRICT_OBJC_MSGSEND = YES;
				ENABLE_TESTABILITY = YES;
				GCC_C_LANGUAGE_STANDARD = gnu11;
				GCC_DYNAMIC_NO_PIC = NO;
				GCC_NO_COMMON_BLOCKS = YES;
				GCC_OPTIMIZATION_LEVEL = 0;
				GCC_PREPROCESSOR_DEFINITIONS = (
					"DEBUG=1",
					"$(inherited)",
				);
				GCC_WARN_64_TO_32_BIT_CONVERSION = YES;
				GCC_WARN_ABOUT_RETURN_TYPE = YES_ERROR;
				GCC_WARN_UNDECLARED_SELECTOR = YES;
				GCC_WARN_UNINITIALIZED_AUTOS = YES_AGGRESSIVE;
				GCC_WARN_UNUSED_FUNCTION = YES;
				GCC_WARN_UNUSED_VARIABLE = YES;
				IPHONEOS_DEPLOYMENT_TARGET = 14.4;
				MTL_ENABLE_DEBUG_INFO = INCLUDE_SOURCE;
				MTL_FAST_MATH = YES;
				ONLY_ACTIVE_ARCH = YES;
				SDKROOT = iphoneos;
				SWIFT_ACTIVE_COMPILATION_CONDITIONS = DEBUG;
				SWIFT_OPTIMIZATION_LEVEL = "-Onone";
			};
			name = Debug;
		};
		544CEE88260564E800046A38 /* Release */ = {
			isa = XCBuildConfiguration;
			buildSettings = {
				ALWAYS_SEARCH_USER_PATHS = NO;
				CLANG_ANALYZER_NONNULL = YES;
				CLANG_ANALYZER_NUMBER_OBJECT_CONVERSION = YES_AGGRESSIVE;
				CLANG_CXX_LANGUAGE_STANDARD = "gnu++14";
				CLANG_CXX_LIBRARY = "libc++";
				CLANG_ENABLE_MODULES = YES;
				CLANG_ENABLE_OBJC_ARC = YES;
				CLANG_ENABLE_OBJC_WEAK = YES;
				CLANG_WARN_BLOCK_CAPTURE_AUTORELEASING = YES;
				CLANG_WARN_BOOL_CONVERSION = YES;
				CLANG_WARN_COMMA = YES;
				CLANG_WARN_CONSTANT_CONVERSION = YES;
				CLANG_WARN_DEPRECATED_OBJC_IMPLEMENTATIONS = YES;
				CLANG_WARN_DIRECT_OBJC_ISA_USAGE = YES_ERROR;
				CLANG_WARN_DOCUMENTATION_COMMENTS = YES;
				CLANG_WARN_EMPTY_BODY = YES;
				CLANG_WARN_ENUM_CONVERSION = YES;
				CLANG_WARN_INFINITE_RECURSION = YES;
				CLANG_WARN_INT_CONVERSION = YES;
				CLANG_WARN_NON_LITERAL_NULL_CONVERSION = YES;
				CLANG_WARN_OBJC_IMPLICIT_RETAIN_SELF = YES;
				CLANG_WARN_OBJC_LITERAL_CONVERSION = YES;
				CLANG_WARN_OBJC_ROOT_CLASS = YES_ERROR;
				CLANG_WARN_QUOTED_INCLUDE_IN_FRAMEWORK_HEADER = YES;
				CLANG_WARN_RANGE_LOOP_ANALYSIS = YES;
				CLANG_WARN_STRICT_PROTOTYPES = YES;
				CLANG_WARN_SUSPICIOUS_MOVE = YES;
				CLANG_WARN_UNGUARDED_AVAILABILITY = YES_AGGRESSIVE;
				CLANG_WARN_UNREACHABLE_CODE = YES;
				CLANG_WARN__DUPLICATE_METHOD_MATCH = YES;
				COPY_PHASE_STRIP = NO;
				DEBUG_INFORMATION_FORMAT = "dwarf-with-dsym";
				ENABLE_NS_ASSERTIONS = NO;
				ENABLE_STRICT_OBJC_MSGSEND = YES;
				GCC_C_LANGUAGE_STANDARD = gnu11;
				GCC_NO_COMMON_BLOCKS = YES;
				GCC_WARN_64_TO_32_BIT_CONVERSION = YES;
				GCC_WARN_ABOUT_RETURN_TYPE = YES_ERROR;
				GCC_WARN_UNDECLARED_SELECTOR = YES;
				GCC_WARN_UNINITIALIZED_AUTOS = YES_AGGRESSIVE;
				GCC_WARN_UNUSED_FUNCTION = YES;
				GCC_WARN_UNUSED_VARIABLE = YES;
				IPHONEOS_DEPLOYMENT_TARGET = 14.4;
				MTL_ENABLE_DEBUG_INFO = NO;
				MTL_FAST_MATH = YES;
				SDKROOT = iphoneos;
				SWIFT_COMPILATION_MODE = wholemodule;
				SWIFT_OPTIMIZATION_LEVEL = "-O";
				VALIDATE_PRODUCT = YES;
			};
			name = Release;
		};
		544CEE8A260564E800046A38 /* Debug */ = {
			isa = XCBuildConfiguration;
			baseConfigurationReference = DCE0815C7DCB3A44FFBB86F7 /* Pods-Parstagram3.debug.xcconfig */;
			buildSettings = {
				ASSETCATALOG_COMPILER_APPICON_NAME = AppIcon;
				ASSETCATALOG_COMPILER_GLOBAL_ACCENT_COLOR_NAME = AccentColor;
				CODE_SIGN_STYLE = Automatic;
				INFOPLIST_FILE = Parstagram3/Info.plist;
				LD_RUNPATH_SEARCH_PATHS = (
					"$(inherited)",
					"@executable_path/Frameworks",
				);
				PRODUCT_BUNDLE_IDENTIFIER = com.DavidLee.Parstagram3;
				PRODUCT_NAME = "$(TARGET_NAME)";
				SWIFT_VERSION = 5.0;
				TARGETED_DEVICE_FAMILY = "1,2";
			};
			name = Debug;
		};
		544CEE8B260564E800046A38 /* Release */ = {
			isa = XCBuildConfiguration;
			baseConfigurationReference = BB927C8BCAB00BDC9CC80A7B /* Pods-Parstagram3.release.xcconfig */;
			buildSettings = {
				ASSETCATALOG_COMPILER_APPICON_NAME = AppIcon;
				ASSETCATALOG_COMPILER_GLOBAL_ACCENT_COLOR_NAME = AccentColor;
				CODE_SIGN_STYLE = Automatic;
				INFOPLIST_FILE = Parstagram3/Info.plist;
				LD_RUNPATH_SEARCH_PATHS = (
					"$(inherited)",
					"@executable_path/Frameworks",
				);
				PRODUCT_BUNDLE_IDENTIFIER = com.DavidLee.Parstagram3;
				PRODUCT_NAME = "$(TARGET_NAME)";
				SWIFT_VERSION = 5.0;
				TARGETED_DEVICE_FAMILY = "1,2";
			};
			name = Release;
		};
/* End XCBuildConfiguration section */

/* Begin XCConfigurationList section */
		544CEE70260564E700046A38 /* Build configuration list for PBXProject "Parstagram3" */ = {
			isa = XCConfigurationList;
			buildConfigurations = (
				544CEE87260564E800046A38 /* Debug */,
				544CEE88260564E800046A38 /* Release */,
			);
			defaultConfigurationIsVisible = 0;
			defaultConfigurationName = Release;
		};
		544CEE89260564E800046A38 /* Build configuration list for PBXNativeTarget "Parstagram3" */ = {
			isa = XCConfigurationList;
			buildConfigurations = (
				544CEE8A260564E800046A38 /* Debug */,
				544CEE8B260564E800046A38 /* Release */,
			);
			defaultConfigurationIsVisible = 0;
			defaultConfigurationName = Release;
		};
/* End XCConfigurationList section */
	};
	rootObject = 544CEE6D260564E700046A38 /* Project object */;
}
